
Microsoft Visual Studio Solution File, Format Version 12.00
# Visual Studio Version 16
VisualStudioVersion = 16.0.31729.503
MinimumVisualStudioVersion = 10.0.40219.1
Project("{FAE04EC0-301F-11D3-BF4B-00C04F79EFBC}") = "MelikeCelikelBolumDers", "MelikeCelikElBolumDers\MelikeCelikelBolumDers.csproj", "{3EC4A8D2-F606-418F-98A8-EC6067C2426A}"
EndProject
Global
	GlobalSection(SolutionConfigurationPlatforms) = preSolution
		Debug|Any CPU = Debug|Any CPU
		Release|Any CPU = Release|Any CPU
	EndGlobalSection
	GlobalSection(ProjectConfigurationPlatforms) = postSolution
		{3EC4A8D2-F606-418F-98A8-EC6067C2426A}.Debug|Any CPU.ActiveCfg = Debug|Any CPU
		{3EC4A8D2-F606-418F-98A8-EC6067C2426A}.Debug|Any CPU.Build.0 = Debug|Any CPU
		{3EC4A8D2-F606-418F-98A8-EC6067C2426A}.Release|Any CPU.ActiveCfg = Release|Any CPU
		{3EC4A8D2-F606-418F-98A8-EC6067C2426A}.Release|Any CPU.Build.0 = Release|Any CPU
	EndGlobalSection
	GlobalSection(SolutionProperties) = preSolution
		HideSolutionNode = FALSE
	EndGlobalSection
	GlobalSection(ExtensibilityGlobals) = postSolution
		SolutionGuid = {FB8061E2-4D80-4679-A9F9-AD233F19C396}
	EndGlobalSection
EndGlobal
